// !$*UTF8*$!
{
	archiveVersion = 1;
	classes = {
	};
	objectVersion = 50;
	objects = {

/* Begin PBXBuildFile section */
		57B5699A2501CA6D008E3956 /* SelectionScene.sks in Resources */ = {isa = PBXBuildFile; fileRef = 57B569992501CA6D008E3956 /* SelectionScene.sks */; };
		57B5699C2501CABC008E3956 /* SelectionScene.swift in Sources */ = {isa = PBXBuildFile; fileRef = 57B5699B2501CABC008E3956 /* SelectionScene.swift */; };
		57D48D3924FFBEEA004DF8E6 /* AppDelegate.swift in Sources */ = {isa = PBXBuildFile; fileRef = 57D48D3824FFBEEA004DF8E6 /* AppDelegate.swift */; };
		57D48D3B24FFBEEA004DF8E6 /* GameScene.sks in Resources */ = {isa = PBXBuildFile; fileRef = 57D48D3A24FFBEEA004DF8E6 /* GameScene.sks */; };
		57D48D3D24FFBEEA004DF8E6 /* Actions.sks in Resources */ = {isa = PBXBuildFile; fileRef = 57D48D3C24FFBEEA004DF8E6 /* Actions.sks */; };
		57D48D3F24FFBEEA004DF8E6 /* GameScene.swift in Sources */ = {isa = PBXBuildFile; fileRef = 57D48D3E24FFBEEA004DF8E6 /* GameScene.swift */; };
		57D48D4124FFBEEA004DF8E6 /* GameViewController.swift in Sources */ = {isa = PBXBuildFile; fileRef = 57D48D4024FFBEEA004DF8E6 /* GameViewController.swift */; };
		57D48D4424FFBEEA004DF8E6 /* Main.storyboard in Resources */ = {isa = PBXBuildFile; fileRef = 57D48D4224FFBEEA004DF8E6 /* Main.storyboard */; };
		57D48D4924FFBEEB004DF8E6 /* LaunchScreen.storyboard in Resources */ = {isa = PBXBuildFile; fileRef = 57D48D4724FFBEEB004DF8E6 /* LaunchScreen.storyboard */; };
		57D48D5125008270004DF8E6 /* torpedo.mp3 in Resources */ = {isa = PBXBuildFile; fileRef = 57D48D5025008270004DF8E6 /* torpedo.mp3 */; };
		57D48D5725008380004DF8E6 /* Assets.xcassets in Resources */ = {isa = PBXBuildFile; fileRef = 57D48D5525008380004DF8E6 /* Assets.xcassets */; };
		57D48D59250084F0004DF8E6 /* Explosion.sks in Resources */ = {isa = PBXBuildFile; fileRef = 57D48D58250084F0004DF8E6 /* Explosion.sks */; };
		57D48D5E25012AD5004DF8E6 /* MenuScene.sks in Resources */ = {isa = PBXBuildFile; fileRef = 57D48D5D25012AD5004DF8E6 /* MenuScene.sks */; };
		57D48D6025012E4E004DF8E6 /* MenuScene.swift in Sources */ = {isa = PBXBuildFile; fileRef = 57D48D5F25012E4E004DF8E6 /* MenuScene.swift */; };
		57D48D6225013E47004DF8E6 /* PressStart2P-Regular.ttf in Resources */ = {isa = PBXBuildFile; fileRef = 57D48D6125013E47004DF8E6 /* PressStart2P-Regular.ttf */; };
		57D48D662501439E004DF8E6 /* GameOverScene.sks in Resources */ = {isa = PBXBuildFile; fileRef = 57D48D652501439E004DF8E6 /* GameOverScene.sks */; };
		57D48D68250143D6004DF8E6 /* GameOverScene.swift in Sources */ = {isa = PBXBuildFile; fileRef = 57D48D67250143D6004DF8E6 /* GameOverScene.swift */; };
/* End PBXBuildFile section */

/* Begin PBXFileReference section */
		57B569992501CA6D008E3956 /* SelectionScene.sks */ = {isa = PBXFileReference; lastKnownFileType = file.sks; path = SelectionScene.sks; sourceTree = "<group>"; };
		57B5699B2501CABC008E3956 /* SelectionScene.swift */ = {isa = PBXFileReference; lastKnownFileType = sourcecode.swift; path = SelectionScene.swift; sourceTree = "<group>"; };
		57D48D3524FFBEEA004DF8E6 /* Ghiblinvaders.app */ = {isa = PBXFileReference; explicitFileType = wrapper.application; includeInIndex = 0; path = Ghiblinvaders.app; sourceTree = BUILT_PRODUCTS_DIR; };
		57D48D3824FFBEEA004DF8E6 /* AppDelegate.swift */ = {isa = PBXFileReference; lastKnownFileType = sourcecode.swift; path = AppDelegate.swift; sourceTree = "<group>"; };
		57D48D3A24FFBEEA004DF8E6 /* GameScene.sks */ = {isa = PBXFileReference; lastKnownFileType = file.sks; path = GameScene.sks; sourceTree = "<group>"; };
		57D48D3C24FFBEEA004DF8E6 /* Actions.sks */ = {isa = PBXFileReference; lastKnownFileType = file.sks; path = Actions.sks; sourceTree = "<group>"; };
		57D48D3E24FFBEEA004DF8E6 /* GameScene.swift */ = {isa = PBXFileReference; lastKnownFileType = sourcecode.swift; path = GameScene.swift; sourceTree = "<group>"; };
		57D48D4024FFBEEA004DF8E6 /* GameViewController.swift */ = {isa = PBXFileReference; lastKnownFileType = sourcecode.swift; path = GameViewController.swift; sourceTree = "<group>"; };
		57D48D4324FFBEEA004DF8E6 /* Base */ = {isa = PBXFileReference; lastKnownFileType = file.storyboard; name = Base; path = Base.lproj/Main.storyboard; sourceTree = "<group>"; };
		57D48D4824FFBEEB004DF8E6 /* Base */ = {isa = PBXFileReference; lastKnownFileType = file.storyboard; name = Base; path = Base.lproj/LaunchScreen.storyboard; sourceTree = "<group>"; };
		57D48D4A24FFBEEB004DF8E6 /* Info.plist */ = {isa = PBXFileReference; lastKnownFileType = text.plist.xml; path = Info.plist; sourceTree = "<group>"; };
		57D48D5025008270004DF8E6 /* torpedo.mp3 */ = {isa = PBXFileReference; lastKnownFileType = audio.mp3; path = torpedo.mp3; sourceTree = "<group>"; };
		57D48D5525008380004DF8E6 /* Assets.xcassets */ = {isa = PBXFileReference; lastKnownFileType = folder.assetcatalog; path = Assets.xcassets; sourceTree = "<group>"; };
		57D48D58250084F0004DF8E6 /* Explosion.sks */ = {isa = PBXFileReference; lastKnownFileType = file.sks; path = Explosion.sks; sourceTree = "<group>"; };
		57D48D5D25012AD5004DF8E6 /* MenuScene.sks */ = {isa = PBXFileReference; lastKnownFileType = file.sks; path = MenuScene.sks; sourceTree = "<group>"; };
		57D48D5F25012E4E004DF8E6 /* MenuScene.swift */ = {isa = PBXFileReference; lastKnownFileType = sourcecode.swift; path = MenuScene.swift; sourceTree = "<group>"; };
		57D48D6125013E47004DF8E6 /* PressStart2P-Regular.ttf */ = {isa = PBXFileReference; lastKnownFileType = file; path = "PressStart2P-Regular.ttf"; sourceTree = "<group>"; };
		57D48D652501439E004DF8E6 /* GameOverScene.sks */ = {isa = PBXFileReference; lastKnownFileType = file.sks; path = GameOverScene.sks; sourceTree = "<group>"; };
		57D48D67250143D6004DF8E6 /* GameOverScene.swift */ = {isa = PBXFileReference; lastKnownFileType = sourcecode.swift; path = GameOverScene.swift; sourceTree = "<group>"; };
/* End PBXFileReference section */

/* Begin PBXFrameworksBuildPhase section */
		57D48D3224FFBEEA004DF8E6 /* Frameworks */ = {
			isa = PBXFrameworksBuildPhase;
			buildActionMask = 2147483647;
			files = (
			);
			runOnlyForDeploymentPostprocessing = 0;
		};
/* End PBXFrameworksBuildPhase section */

/* Begin PBXGroup section */
		57B5699D2501CACC008E3956 /* Selection */ = {
			isa = PBXGroup;
			children = (
				57B569992501CA6D008E3956 /* SelectionScene.sks */,
				57B5699B2501CABC008E3956 /* SelectionScene.swift */,
			);
			path = Selection;
			sourceTree = "<group>";
		};
		57D48D2C24FFBEEA004DF8E6 = {
			isa = PBXGroup;
			children = (
				57D48D3724FFBEEA004DF8E6 /* Ghiblinvaders */,
				57D48D3624FFBEEA004DF8E6 /* Products */,
			);
			sourceTree = "<group>";
		};
		57D48D3624FFBEEA004DF8E6 /* Products */ = {
			isa = PBXGroup;
			children = (
				57D48D3524FFBEEA004DF8E6 /* Ghiblinvaders.app */,
			);
			name = Products;
			sourceTree = "<group>";
		};
		57D48D3724FFBEEA004DF8E6 /* Ghiblinvaders */ = {
			isa = PBXGroup;
			children = (
				57D48D5A25012993004DF8E6 /* Game */,
				57B5699D2501CACC008E3956 /* Selection */,
				57D48D69250143DE004DF8E6 /* Game Over */,
				57D48D6425013F71004DF8E6 /* Menu */,
				57D48D5B25012A08004DF8E6 /* Emitters */,
				57D48D5C25012A24004DF8E6 /* Sounds */,
				57D48D6325013F56004DF8E6 /* Fonts */,
				57D48D3824FFBEEA004DF8E6 /* AppDelegate.swift */,
				57D48D4024FFBEEA004DF8E6 /* GameViewController.swift */,
				57D48D3C24FFBEEA004DF8E6 /* Actions.sks */,
				57D48D5525008380004DF8E6 /* Assets.xcassets */,
				57D48D4224FFBEEA004DF8E6 /* Main.storyboard */,
				57D48D4724FFBEEB004DF8E6 /* LaunchScreen.storyboard */,
				57D48D4A24FFBEEB004DF8E6 /* Info.plist */,
			);
			path = Ghiblinvaders;
			sourceTree = "<group>";
		};
		57D48D5A25012993004DF8E6 /* Game */ = {
			isa = PBXGroup;
			children = (
				57D48D3A24FFBEEA004DF8E6 /* GameScene.sks */,
				57D48D3E24FFBEEA004DF8E6 /* GameScene.swift */,
			);
			path = Game;
			sourceTree = "<group>";
		};
		57D48D5B25012A08004DF8E6 /* Emitters */ = {
			isa = PBXGroup;
			children = (
				57D48D58250084F0004DF8E6 /* Explosion.sks */,
			);
			path = Emitters;
			sourceTree = "<group>";
		};
		57D48D5C25012A24004DF8E6 /* Sounds */ = {
			isa = PBXGroup;
			children = (
				57D48D5025008270004DF8E6 /* torpedo.mp3 */,
			);
			path = Sounds;
			sourceTree = "<group>";
		};
		57D48D6325013F56004DF8E6 /* Fonts */ = {
			isa = PBXGroup;
			children = (
				57D48D6125013E47004DF8E6 /* PressStart2P-Regular.ttf */,
			);
			path = Fonts;
			sourceTree = "<group>";
		};
		57D48D6425013F71004DF8E6 /* Menu */ = {
			isa = PBXGroup;
			children = (
				57D48D5D25012AD5004DF8E6 /* MenuScene.sks */,
				57D48D5F25012E4E004DF8E6 /* MenuScene.swift */,
			);
			path = Menu;
			sourceTree = "<group>";
		};
		57D48D69250143DE004DF8E6 /* Game Over */ = {
			isa = PBXGroup;
			children = (
				57D48D652501439E004DF8E6 /* GameOverScene.sks */,
				57D48D67250143D6004DF8E6 /* GameOverScene.swift */,
			);
			path = "Game Over";
			sourceTree = "<group>";
		};
/* End PBXGroup section */

/* Begin PBXNativeTarget section */
		57D48D3424FFBEEA004DF8E6 /* Ghiblinvaders */ = {
			isa = PBXNativeTarget;
			buildConfigurationList = 57D48D4D24FFBEEB004DF8E6 /* Build configuration list for PBXNativeTarget "Ghiblinvaders" */;
			buildPhases = (
				57D48D3124FFBEEA004DF8E6 /* Sources */,
				57D48D3224FFBEEA004DF8E6 /* Frameworks */,
				57D48D3324FFBEEA004DF8E6 /* Resources */,
			);
			buildRules = (
			);
			dependencies = (
			);
			name = Ghiblinvaders;
			productName = Ghiblinvaders;
			productReference = 57D48D3524FFBEEA004DF8E6 /* Ghiblinvaders.app */;
			productType = "com.apple.product-type.application";
		};
/* End PBXNativeTarget section */

/* Begin PBXProject section */
		57D48D2D24FFBEEA004DF8E6 /* Project object */ = {
			isa = PBXProject;
			attributes = {
				LastSwiftUpdateCheck = 1160;
				LastUpgradeCheck = 1160;
				ORGANIZATIONNAME = "Victor Vieira";
				TargetAttributes = {
					57D48D3424FFBEEA004DF8E6 = {
						CreatedOnToolsVersion = 11.6;
					};
				};
			};
			buildConfigurationList = 57D48D3024FFBEEA004DF8E6 /* Build configuration list for PBXProject "Ghiblinvaders" */;
			compatibilityVersion = "Xcode 9.3";
			developmentRegion = en;
			hasScannedForEncodings = 0;
			knownRegions = (
				en,
				Base,
			);
			mainGroup = 57D48D2C24FFBEEA004DF8E6;
			productRefGroup = 57D48D3624FFBEEA004DF8E6 /* Products */;
			projectDirPath = "";
			projectRoot = "";
			targets = (
				57D48D3424FFBEEA004DF8E6 /* Ghiblinvaders */,
			);
		};
/* End PBXProject section */

/* Begin PBXResourcesBuildPhase section */
		57D48D3324FFBEEA004DF8E6 /* Resources */ = {
			isa = PBXResourcesBuildPhase;
			buildActionMask = 2147483647;
			files = (
				57D48D4424FFBEEA004DF8E6 /* Main.storyboard in Resources */,
				57D48D3B24FFBEEA004DF8E6 /* GameScene.sks in Resources */,
				57D48D4924FFBEEB004DF8E6 /* LaunchScreen.storyboard in Resources */,
				57D48D5725008380004DF8E6 /* Assets.xcassets in Resources */,
				57B5699A2501CA6D008E3956 /* SelectionScene.sks in Resources */,
				57D48D59250084F0004DF8E6 /* Explosion.sks in Resources */,
				57D48D5125008270004DF8E6 /* torpedo.mp3 in Resources */,
				57D48D6225013E47004DF8E6 /* PressStart2P-Regular.ttf in Resources */,
				57D48D3D24FFBEEA004DF8E6 /* Actions.sks in Resources */,
				57D48D662501439E004DF8E6 /* GameOverScene.sks in Resources */,
				57D48D5E25012AD5004DF8E6 /* MenuScene.sks in Resources */,
			);
			runOnlyForDeploymentPostprocessing = 0;
		};
/* End PBXResourcesBuildPhase section */

/* Begin PBXSourcesBuildPhase section */
		57D48D3124FFBEEA004DF8E6 /* Sources */ = {
			isa = PBXSourcesBuildPhase;
			buildActionMask = 2147483647;
			files = (
				57D48D68250143D6004DF8E6 /* GameOverScene.swift in Sources */,
				57D48D3F24FFBEEA004DF8E6 /* GameScene.swift in Sources */,
				57D48D6025012E4E004DF8E6 /* MenuScene.swift in Sources */,
				57D48D4124FFBEEA004DF8E6 /* GameViewController.swift in Sources */,
				57D48D3924FFBEEA004DF8E6 /* AppDelegate.swift in Sources */,
				57B5699C2501CABC008E3956 /* SelectionScene.swift in Sources */,
			);
			runOnlyForDeploymentPostprocessing = 0;
		};
/* End PBXSourcesBuildPhase section */

/* Begin PBXVariantGroup section */
		57D48D4224FFBEEA004DF8E6 /* Main.storyboard */ = {
			isa = PBXVariantGroup;
			children = (
				57D48D4324FFBEEA004DF8E6 /* Base */,
			);
			name = Main.storyboard;
			sourceTree = "<group>";
		};
		57D48D4724FFBEEB004DF8E6 /* LaunchScreen.storyboard */ = {
			isa = PBXVariantGroup;
			children = (
				57D48D4824FFBEEB004DF8E6 /* Base */,
			);
			name = LaunchScreen.storyboard;
			sourceTree = "<group>";
		};
/* End PBXVariantGroup section */

/* Begin XCBuildConfiguration section */
		57D48D4B24FFBEEB004DF8E6 /* Debug */ = {
			isa = XCBuildConfiguration;
			buildSettings = {
				ALWAYS_SEARCH_USER_PATHS = NO;
				CLANG_ANALYZER_NONNULL = YES;
				CLANG_ANALYZER_NUMBER_OBJECT_CONVERSION = YES_AGGRESSIVE;
				CLANG_CXX_LANGUAGE_STANDARD = "gnu++14";
				CLANG_CXX_LIBRARY = "libc++";
				CLANG_ENABLE_MODULES = YES;
				CLANG_ENABLE_OBJC_ARC = YES;
				CLANG_ENABLE_OBJC_WEAK = YES;
				CLANG_WARN_BLOCK_CAPTURE_AUTORELEASING = YES;
				CLANG_WARN_BOOL_CONVERSION = YES;
				CLANG_WARN_COMMA = YES;
				CLANG_WARN_CONSTANT_CONVERSION = YES;
				CLANG_WARN_DEPRECATED_OBJC_IMPLEMENTATIONS = YES;
				CLANG_WARN_DIRECT_OBJC_ISA_USAGE = YES_ERROR;
				CLANG_WARN_DOCUMENTATION_COMMENTS = YES;
				CLANG_WARN_EMPTY_BODY = YES;
				CLANG_WARN_ENUM_CONVERSION = YES;
				CLANG_WARN_INFINITE_RECURSION = YES;
				CLANG_WARN_INT_CONVERSION = YES;
				CLANG_WARN_NON_LITERAL_NULL_CONVERSION = YES;
				CLANG_WARN_OBJC_IMPLICIT_RETAIN_SELF = YES;
				CLANG_WARN_OBJC_LITERAL_CONVERSION = YES;
				CLANG_WARN_OBJC_ROOT_CLASS = YES_ERROR;
				CLANG_WARN_RANGE_LOOP_ANALYSIS = YES;
				CLANG_WARN_STRICT_PROTOTYPES = YES;
				CLANG_WARN_SUSPICIOUS_MOVE = YES;
				CLANG_WARN_UNGUARDED_AVAILABILITY = YES_AGGRESSIVE;
				CLANG_WARN_UNREACHABLE_CODE = YES;
				CLANG_WARN__DUPLICATE_METHOD_MATCH = YES;
				COPY_PHASE_STRIP = NO;
				DEBUG_INFORMATION_FORMAT = dwarf;
				ENABLE_STRICT_OBJC_MSGSEND = YES;
				ENABLE_TESTABILITY = YES;
				GCC_C_LANGUAGE_STANDARD = gnu11;
				GCC_DYNAMIC_NO_PIC = NO;
				GCC_NO_COMMON_BLOCKS = YES;
				GCC_OPTIMIZATION_LEVEL = 0;
				GCC_PREPROCESSOR_DEFINITIONS = (
					"DEBUG=1",
					"$(inherited)",
				);
				GCC_WARN_64_TO_32_BIT_CONVERSION = YES;
				GCC_WARN_ABOUT_RETURN_TYPE = YES_ERROR;
				GCC_WARN_UNDECLARED_SELECTOR = YES;
				GCC_WARN_UNINITIALIZED_AUTOS = YES_AGGRESSIVE;
				GCC_WARN_UNUSED_FUNCTION = YES;
				GCC_WARN_UNUSED_VARIABLE = YES;
				IPHONEOS_DEPLOYMENT_TARGET = 13.6;
				MTL_ENABLE_DEBUG_INFO = INCLUDE_SOURCE;
				MTL_FAST_MATH = YES;
				ONLY_ACTIVE_ARCH = YES;
				SDKROOT = iphoneos;
				SWIFT_ACTIVE_COMPILATION_CONDITIONS = DEBUG;
				SWIFT_OPTIMIZATION_LEVEL = "-Onone";
			};
			name = Debug;
		};
		57D48D4C24FFBEEB004DF8E6 /* Release */ = {
			isa = XCBuildConfiguration;
			buildSettings = {
				ALWAYS_SEARCH_USER_PATHS = NO;
				CLANG_ANALYZER_NONNULL = YES;
				CLANG_ANALYZER_NUMBER_OBJECT_CONVERSION = YES_AGGRESSIVE;
				CLANG_CXX_LANGUAGE_STANDARD = "gnu++14";
				CLANG_CXX_LIBRARY = "libc++";
				CLANG_ENABLE_MODULES = YES;
				CLANG_ENABLE_OBJC_ARC = YES;
				CLANG_ENABLE_OBJC_WEAK = YES;
				CLANG_WARN_BLOCK_CAPTURE_AUTORELEASING = YES;
				CLANG_WARN_BOOL_CONVERSION = YES;
				CLANG_WARN_COMMA = YES;
				CLANG_WARN_CONSTANT_CONVERSION = YES;
				CLANG_WARN_DEPRECATED_OBJC_IMPLEMENTATIONS = YES;
				CLANG_WARN_DIRECT_OBJC_ISA_USAGE = YES_ERROR;
				CLANG_WARN_DOCUMENTATION_COMMENTS = YES;
				CLANG_WARN_EMPTY_BODY = YES;
				CLANG_WARN_ENUM_CONVERSION = YES;
				CLANG_WARN_INFINITE_RECURSION = YES;
				CLANG_WARN_INT_CONVERSION = YES;
				CLANG_WARN_NON_LITERAL_NULL_CONVERSION = YES;
				CLANG_WARN_OBJC_IMPLICIT_RETAIN_SELF = YES;
				CLANG_WARN_OBJC_LITERAL_CONVERSION = YES;
				CLANG_WARN_OBJC_ROOT_CLASS = YES_ERROR;
				CLANG_WARN_RANGE_LOOP_ANALYSIS = YES;
				CLANG_WARN_STRICT_PROTOTYPES = YES;
				CLANG_WARN_SUSPICIOUS_MOVE = YES;
				CLANG_WARN_UNGUARDED_AVAILABILITY = YES_AGGRESSIVE;
				CLANG_WARN_UNREACHABLE_CODE = YES;
				CLANG_WARN__DUPLICATE_METHOD_MATCH = YES;
				COPY_PHASE_STRIP = NO;
				DEBUG_INFORMATION_FORMAT = "dwarf-with-dsym";
				ENABLE_NS_ASSERTIONS = NO;
				ENABLE_STRICT_OBJC_MSGSEND = YES;
				GCC_C_LANGUAGE_STANDARD = gnu11;
				GCC_NO_COMMON_BLOCKS = YES;
				GCC_WARN_64_TO_32_BIT_CONVERSION = YES;
				GCC_WARN_ABOUT_RETURN_TYPE = YES_ERROR;
				GCC_WARN_UNDECLARED_SELECTOR = YES;
				GCC_WARN_UNINITIALIZED_AUTOS = YES_AGGRESSIVE;
				GCC_WARN_UNUSED_FUNCTION = YES;
				GCC_WARN_UNUSED_VARIABLE = YES;
				IPHONEOS_DEPLOYMENT_TARGET = 13.6;
				MTL_ENABLE_DEBUG_INFO = NO;
				MTL_FAST_MATH = YES;
				SDKROOT = iphoneos;
				SWIFT_COMPILATION_MODE = wholemodule;
				SWIFT_OPTIMIZATION_LEVEL = "-O";
				VALIDATE_PRODUCT = YES;
			};
			name = Release;
		};
		57D48D4E24FFBEEB004DF8E6 /* Debug */ = {
			isa = XCBuildConfiguration;
			buildSettings = {
				ASSETCATALOG_COMPILER_APPICON_NAME = AppIcon;
				CODE_SIGN_STYLE = Automatic;
				DEVELOPMENT_TEAM = VZ9BWS84AA;
				INFOPLIST_FILE = Ghiblinvaders/Info.plist;
				LD_RUNPATH_SEARCH_PATHS = (
					"$(inherited)",
					"@executable_path/Frameworks",
				);
				PRODUCT_BUNDLE_IDENTIFIER = academy.Ghiblinvaders;
				PRODUCT_NAME = "$(TARGET_NAME)";
				SWIFT_VERSION = 5.0;
				TARGETED_DEVICE_FAMILY = "1,2";
			};
			name = Debug;
		};
		57D48D4F24FFBEEB004DF8E6 /* Release */ = {
			isa = XCBuildConfiguration;
			buildSettings = {
				ASSETCATALOG_COMPILER_APPICON_NAME = AppIcon;
				CODE_SIGN_STYLE = Automatic;
				DEVELOPMENT_TEAM = VZ9BWS84AA;
				INFOPLIST_FILE = Ghiblinvaders/Info.plist;
				LD_RUNPATH_SEARCH_PATHS = (
					"$(inherited)",
					"@executable_path/Frameworks",
				);
				PRODUCT_BUNDLE_IDENTIFIER = academy.Ghiblinvaders;
				PRODUCT_NAME = "$(TARGET_NAME)";
				SWIFT_VERSION = 5.0;
				TARGETED_DEVICE_FAMILY = "1,2";
			};
			name = Release;
		};
/* End XCBuildConfiguration section */

/* Begin XCConfigurationList section */
		57D48D3024FFBEEA004DF8E6 /* Build configuration list for PBXProject "Ghiblinvaders" */ = {
			isa = XCConfigurationList;
			buildConfigurations = (
				57D48D4B24FFBEEB004DF8E6 /* Debug */,
				57D48D4C24FFBEEB004DF8E6 /* Release */,
			);
			defaultConfigurationIsVisible = 0;
			defaultConfigurationName = Release;
		};
		57D48D4D24FFBEEB004DF8E6 /* Build configuration list for PBXNativeTarget "Ghiblinvaders" */ = {
			isa = XCConfigurationList;
			buildConfigurations = (
				57D48D4E24FFBEEB004DF8E6 /* Debug */,
				57D48D4F24FFBEEB004DF8E6 /* Release */,
			);
			defaultConfigurationIsVisible = 0;
			defaultConfigurationName = Release;
		};
/* End XCConfigurationList section */
	};
	rootObject = 57D48D2D24FFBEEA004DF8E6 /* Project object */;
}
